// !$*UTF8*$!
{
	archiveVersion = 1;
	classes = {
	};
	objectVersion = 45;
	objects = {

/* Begin PBXBuildFile section */
		1D3623260D0F684500981E51 /* IdeasAppDelegate.m in Sources */ = {isa = PBXBuildFile; fileRef = 1D3623250D0F684500981E51 /* IdeasAppDelegate.m */; };
		1D60589B0D05DD56006BFB54 /* main.m in Sources */ = {isa = PBXBuildFile; fileRef = 29B97316FDCFA39411CA2CEA /* main.m */; };
		1D60589F0D05DD5A006BFB54 /* Foundation.framework in Frameworks */ = {isa = PBXBuildFile; fileRef = 1D30AB110D05D00D00671497 /* Foundation.framework */; };
		1DF5F4E00D08C38300B7A737 /* UIKit.framework in Frameworks */ = {isa = PBXBuildFile; fileRef = 1DF5F4DF0D08C38300B7A737 /* UIKit.framework */; };
		28860BE50F44EE6400985440 /* CoreData.framework in Frameworks */ = {isa = PBXBuildFile; fileRef = 28860BE40F44EE6400985440 /* CoreData.framework */; };
		2892E4100DC94CBA00A64D0F /* CoreGraphics.framework in Frameworks */ = {isa = PBXBuildFile; fileRef = 2892E40F0DC94CBA00A64D0F /* CoreGraphics.framework */; };
		2899E5600DE3E45000AC0155 /* RootViewController.xib in Resources */ = {isa = PBXBuildFile; fileRef = 2899E55F0DE3E45000AC0155 /* RootViewController.xib */; };
		28AD73600D9D9599002E5188 /* MainWindow.xib in Resources */ = {isa = PBXBuildFile; fileRef = 28AD735F0D9D9599002E5188 /* MainWindow.xib */; };
		28C286E10D94DF7D0034E888 /* RootViewController.m in Sources */ = {isa = PBXBuildFile; fileRef = 28C286E00D94DF7D0034E888 /* RootViewController.m */; };
		28D3F202112F7DC200FD0661 /* Ideas.xcdatamodeld in Sources */ = {isa = PBXBuildFile; fileRef = 28D3F201112F7DC200FD0661 /* Ideas.xcdatamodeld */; };
		BF12F6C012CF66B800159AE4 /* IdeaDetailViewController.m in Sources */ = {isa = PBXBuildFile; fileRef = BF12F6BE12CF66B800159AE4 /* IdeaDetailViewController.m */; };
		BF12F6C112CF66B800159AE4 /* IdeaDetailViewController.xib in Resources */ = {isa = PBXBuildFile; fileRef = BF12F6BF12CF66B800159AE4 /* IdeaDetailViewController.xib */; };
		BF4F7C0D12D07241007CB6E2 /* ApplicationHelper.m in Sources */ = {isa = PBXBuildFile; fileRef = BF4F7C0C12D07241007CB6E2 /* ApplicationHelper.m */; };
		BF4F7CC012D0A22E007CB6E2 /* Icon.png in Resources */ = {isa = PBXBuildFile; fileRef = BF4F7CBF12D0A22E007CB6E2 /* Icon.png */; };
		BF4F7CE712D0A80A007CB6E2 /* Default.png in Resources */ = {isa = PBXBuildFile; fileRef = BF4F7CE612D0A80A007CB6E2 /* Default.png */; };
		BF4F7CF112D0C53D007CB6E2 /* iTunesArtwork.png in Resources */ = {isa = PBXBuildFile; fileRef = BF4F7CF012D0C53D007CB6E2 /* iTunesArtwork.png */; };
		BF85282412D6176A00306911 /* LICENSE AGREEMENT.rtf in Resources */ = {isa = PBXBuildFile; fileRef = BF85281112D6176A00306911 /* LICENSE AGREEMENT.rtf */; };
		BF85282512D6176A00306911 /* SCBadgeView.m in Sources */ = {isa = PBXBuildFile; fileRef = BF85281312D6176A00306911 /* SCBadgeView.m */; };
		BF85282612D6176A00306911 /* SCClassDefinition.m in Sources */ = {isa = PBXBuildFile; fileRef = BF85281512D6176A00306911 /* SCClassDefinition.m */; };
		BF85282712D6176A00306911 /* SCGlobals.m in Sources */ = {isa = PBXBuildFile; fileRef = BF85281712D6176A00306911 /* SCGlobals.m */; };
		BF85282812D6176A00306911 /* SCPropertyAttributes.m in Sources */ = {isa = PBXBuildFile; fileRef = BF85281912D6176A00306911 /* SCPropertyAttributes.m */; };
		BF85282912D6176A00306911 /* SCTableViewCell.m in Sources */ = {isa = PBXBuildFile; fileRef = BF85281B12D6176A00306911 /* SCTableViewCell.m */; };
		BF85282A12D6176A00306911 /* SCTableViewController.m in Sources */ = {isa = PBXBuildFile; fileRef = BF85281D12D6176A00306911 /* SCTableViewController.m */; };
		BF85282B12D6176A00306911 /* SCTableViewModel.m in Sources */ = {isa = PBXBuildFile; fileRef = BF85281F12D6176A00306911 /* SCTableViewModel.m */; };
		BF85282C12D6176A00306911 /* SCTableViewSection.m in Sources */ = {isa = PBXBuildFile; fileRef = BF85282112D6176A00306911 /* SCTableViewSection.m */; };
		BF85282D12D6176A00306911 /* SCViewController.m in Sources */ = {isa = PBXBuildFile; fileRef = BF85282312D6176A00306911 /* SCViewController.m */; };
		BF996EDC12D338CD00916A41 /* bg-white.png in Resources */ = {isa = PBXBuildFile; fileRef = BF996ED912D338CD00916A41 /* bg-white.png */; };
		BF996EDD12D338CD00916A41 /* bg-yellow.png in Resources */ = {isa = PBXBuildFile; fileRef = BF996EDA12D338CD00916A41 /* bg-yellow.png */; };
		BF996EDE12D338CD00916A41 /* bg-green-middle.png in Resources */ = {isa = PBXBuildFile; fileRef = BF996EDB12D338CD00916A41 /* bg-green-middle.png */; };
		BF996F1112D3455600916A41 /* bg-green-dark.png in Resources */ = {isa = PBXBuildFile; fileRef = BF996F1012D3455600916A41 /* bg-green-dark.png */; };
		BF996F1312D3455C00916A41 /* bg-green-light.png in Resources */ = {isa = PBXBuildFile; fileRef = BF996F1212D3455C00916A41 /* bg-green-light.png */; };
		BF996F5512D3476800916A41 /* bg-blue.png in Resources */ = {isa = PBXBuildFile; fileRef = BF996F5412D3476800916A41 /* bg-blue.png */; };
		BF996F8512D3562000916A41 /* 18-envelope.png in Resources */ = {isa = PBXBuildFile; fileRef = BF996F8412D3562000916A41 /* 18-envelope.png */; };
		BF996F8F12D3572400916A41 /* 187-pencil.png in Resources */ = {isa = PBXBuildFile; fileRef = BF996F8E12D3572400916A41 /* 187-pencil.png */; };
		BF996FB712D477C600916A41 /* SettingsViewController.m in Sources */ = {isa = PBXBuildFile; fileRef = BF996FB512D477C600916A41 /* SettingsViewController.m */; };
		BF996FB812D477C600916A41 /* SettingsViewController.xib in Resources */ = {isa = PBXBuildFile; fileRef = BF996FB612D477C600916A41 /* SettingsViewController.xib */; };
		BFB50BA812D4C64800D8EBE3 /* MessageUI.framework in Frameworks */ = {isa = PBXBuildFile; fileRef = BFB50BA712D4C64800D8EBE3 /* MessageUI.framework */; };
		BFB50BB412D4C6BF00D8EBE3 /* MailComposerViewController.m in Sources */ = {isa = PBXBuildFile; fileRef = BFB50BB312D4C6BF00D8EBE3 /* MailComposerViewController.m */; };
		BFB50C7012D5308000D8EBE3 /* Idea.m in Sources */ = {isa = PBXBuildFile; fileRef = BFB50C6F12D5308000D8EBE3 /* Idea.m */; };
/* End PBXBuildFile section */

/* Begin PBXFileReference section */
		1D30AB110D05D00D00671497 /* Foundation.framework */ = {isa = PBXFileReference; lastKnownFileType = wrapper.framework; name = Foundation.framework; path = System/Library/Frameworks/Foundation.framework; sourceTree = SDKROOT; };
		1D3623240D0F684500981E51 /* IdeasAppDelegate.h */ = {isa = PBXFileReference; fileEncoding = 4; lastKnownFileType = sourcecode.c.h; path = IdeasAppDelegate.h; sourceTree = "<group>"; };
		1D3623250D0F684500981E51 /* IdeasAppDelegate.m */ = {isa = PBXFileReference; fileEncoding = 4; lastKnownFileType = sourcecode.c.objc; path = IdeasAppDelegate.m; sourceTree = "<group>"; };
		1D6058910D05DD3D006BFB54 /* Ideas.app */ = {isa = PBXFileReference; explicitFileType = wrapper.application; includeInIndex = 0; path = Ideas.app; sourceTree = BUILT_PRODUCTS_DIR; };
		1DF5F4DF0D08C38300B7A737 /* UIKit.framework */ = {isa = PBXFileReference; lastKnownFileType = wrapper.framework; name = UIKit.framework; path = System/Library/Frameworks/UIKit.framework; sourceTree = SDKROOT; };
		28860B760F44E54D00985440 /* Ideas.xcdatamodel */ = {isa = PBXFileReference; fileEncoding = 4; lastKnownFileType = wrapper.xcdatamodel; path = Ideas.xcdatamodel; sourceTree = "<group>"; };
		28860BE40F44EE6400985440 /* CoreData.framework */ = {isa = PBXFileReference; lastKnownFileType = wrapper.framework; name = CoreData.framework; path = System/Library/Frameworks/CoreData.framework; sourceTree = SDKROOT; };
		2892E40F0DC94CBA00A64D0F /* CoreGraphics.framework */ = {isa = PBXFileReference; lastKnownFileType = wrapper.framework; name = CoreGraphics.framework; path = System/Library/Frameworks/CoreGraphics.framework; sourceTree = SDKROOT; };
		2899E55F0DE3E45000AC0155 /* RootViewController.xib */ = {isa = PBXFileReference; lastKnownFileType = file.xib; path = RootViewController.xib; sourceTree = "<group>"; };
		28A0AAE50D9B0CCF005BE974 /* Ideas_Prefix.pch */ = {isa = PBXFileReference; fileEncoding = 4; lastKnownFileType = sourcecode.c.h; path = Ideas_Prefix.pch; sourceTree = "<group>"; };
		28AD735F0D9D9599002E5188 /* MainWindow.xib */ = {isa = PBXFileReference; lastKnownFileType = file.xib; path = MainWindow.xib; sourceTree = "<group>"; };
		28C286DF0D94DF7D0034E888 /* RootViewController.h */ = {isa = PBXFileReference; fileEncoding = 4; lastKnownFileType = sourcecode.c.h; path = RootViewController.h; sourceTree = "<group>"; };
		28C286E00D94DF7D0034E888 /* RootViewController.m */ = {isa = PBXFileReference; fileEncoding = 4; lastKnownFileType = sourcecode.c.objc; path = RootViewController.m; sourceTree = "<group>"; };
		29B97316FDCFA39411CA2CEA /* main.m */ = {isa = PBXFileReference; fileEncoding = 4; lastKnownFileType = sourcecode.c.objc; path = main.m; sourceTree = "<group>"; };
		8D1107310486CEB800E47090 /* Ideas-Info.plist */ = {isa = PBXFileReference; fileEncoding = 4; lastKnownFileType = text.plist.xml; path = "Ideas-Info.plist"; plistStructureDefinitionIdentifier = "com.apple.xcode.plist.structure-definition.iphone.info-plist"; sourceTree = "<group>"; };
		BF12F6BD12CF66B800159AE4 /* IdeaDetailViewController.h */ = {isa = PBXFileReference; fileEncoding = 4; lastKnownFileType = sourcecode.c.h; path = IdeaDetailViewController.h; sourceTree = "<group>"; };
		BF12F6BE12CF66B800159AE4 /* IdeaDetailViewController.m */ = {isa = PBXFileReference; fileEncoding = 4; lastKnownFileType = sourcecode.c.objc; path = IdeaDetailViewController.m; sourceTree = "<group>"; };
		BF12F6BF12CF66B800159AE4 /* IdeaDetailViewController.xib */ = {isa = PBXFileReference; lastKnownFileType = file.xib; name = IdeaDetailViewController.xib; path = Classes/IdeaDetailViewController.xib; sourceTree = "<group>"; };
		BF12F75C12CF9C1200159AE4 /* QuartzCore.framework */ = {isa = PBXFileReference; lastKnownFileType = wrapper.framework; name = QuartzCore.framework; path = System/Library/Frameworks/QuartzCore.framework; sourceTree = SDKROOT; };
		BF4F7C0B12D07241007CB6E2 /* ApplicationHelper.h */ = {isa = PBXFileReference; fileEncoding = 4; lastKnownFileType = sourcecode.c.h; path = ApplicationHelper.h; sourceTree = "<group>"; };
		BF4F7C0C12D07241007CB6E2 /* ApplicationHelper.m */ = {isa = PBXFileReference; fileEncoding = 4; lastKnownFileType = sourcecode.c.objc; path = ApplicationHelper.m; sourceTree = "<group>"; };
		BF4F7CBF12D0A22E007CB6E2 /* Icon.png */ = {isa = PBXFileReference; lastKnownFileType = image.png; path = Icon.png; sourceTree = "<group>"; };
		BF4F7CE612D0A80A007CB6E2 /* Default.png */ = {isa = PBXFileReference; lastKnownFileType = image.png; path = Default.png; sourceTree = "<group>"; };
		BF4F7CF012D0C53D007CB6E2 /* iTunesArtwork.png */ = {isa = PBXFileReference; lastKnownFileType = image.png; path = iTunesArtwork.png; sourceTree = "<group>"; };
		BF85281112D6176A00306911 /* LICENSE AGREEMENT.rtf */ = {isa = PBXFileReference; lastKnownFileType = text.rtf; path = "LICENSE AGREEMENT.rtf"; sourceTree = "<group>"; };
		BF85281212D6176A00306911 /* SCBadgeView.h */ = {isa = PBXFileReference; fileEncoding = 4; lastKnownFileType = sourcecode.c.h; path = SCBadgeView.h; sourceTree = "<group>"; };
		BF85281312D6176A00306911 /* SCBadgeView.m */ = {isa = PBXFileReference; fileEncoding = 4; lastKnownFileType = sourcecode.c.objc; path = SCBadgeView.m; sourceTree = "<group>"; };
		BF85281412D6176A00306911 /* SCClassDefinition.h */ = {isa = PBXFileReference; fileEncoding = 4; lastKnownFileType = sourcecode.c.h; path = SCClassDefinition.h; sourceTree = "<group>"; };
		BF85281512D6176A00306911 /* SCClassDefinition.m */ = {isa = PBXFileReference; fileEncoding = 4; lastKnownFileType = sourcecode.c.objc; path = SCClassDefinition.m; sourceTree = "<group>"; };
		BF85281612D6176A00306911 /* SCGlobals.h */ = {isa = PBXFileReference; fileEncoding = 4; lastKnownFileType = sourcecode.c.h; path = SCGlobals.h; sourceTree = "<group>"; };
		BF85281712D6176A00306911 /* SCGlobals.m */ = {isa = PBXFileReference; fileEncoding = 4; lastKnownFileType = sourcecode.c.objc; path = SCGlobals.m; sourceTree = "<group>"; };
		BF85281812D6176A00306911 /* SCPropertyAttributes.h */ = {isa = PBXFileReference; fileEncoding = 4; lastKnownFileType = sourcecode.c.h; path = SCPropertyAttributes.h; sourceTree = "<group>"; };
		BF85281912D6176A00306911 /* SCPropertyAttributes.m */ = {isa = PBXFileReference; fileEncoding = 4; lastKnownFileType = sourcecode.c.objc; path = SCPropertyAttributes.m; sourceTree = "<group>"; };
		BF85281A12D6176A00306911 /* SCTableViewCell.h */ = {isa = PBXFileReference; fileEncoding = 4; lastKnownFileType = sourcecode.c.h; path = SCTableViewCell.h; sourceTree = "<group>"; };
		BF85281B12D6176A00306911 /* SCTableViewCell.m */ = {isa = PBXFileReference; fileEncoding = 4; lastKnownFileType = sourcecode.c.objc; path = SCTableViewCell.m; sourceTree = "<group>"; };
		BF85281C12D6176A00306911 /* SCTableViewController.h */ = {isa = PBXFileReference; fileEncoding = 4; lastKnownFileType = sourcecode.c.h; path = SCTableViewController.h; sourceTree = "<group>"; };
		BF85281D12D6176A00306911 /* SCTableViewController.m */ = {isa = PBXFileReference; fileEncoding = 4; lastKnownFileType = sourcecode.c.objc; path = SCTableViewController.m; sourceTree = "<group>"; };
		BF85281E12D6176A00306911 /* SCTableViewModel.h */ = {isa = PBXFileReference; fileEncoding = 4; lastKnownFileType = sourcecode.c.h; path = SCTableViewModel.h; sourceTree = "<group>"; };
		BF85281F12D6176A00306911 /* SCTableViewModel.m */ = {isa = PBXFileReference; fileEncoding = 4; lastKnownFileType = sourcecode.c.objc; path = SCTableViewModel.m; sourceTree = "<group>"; };
		BF85282012D6176A00306911 /* SCTableViewSection.h */ = {isa = PBXFileReference; fileEncoding = 4; lastKnownFileType = sourcecode.c.h; path = SCTableViewSection.h; sourceTree = "<group>"; };
		BF85282112D6176A00306911 /* SCTableViewSection.m */ = {isa = PBXFileReference; fileEncoding = 4; lastKnownFileType = sourcecode.c.objc; path = SCTableViewSection.m; sourceTree = "<group>"; };
		BF85282212D6176A00306911 /* SCViewController.h */ = {isa = PBXFileReference; fileEncoding = 4; lastKnownFileType = sourcecode.c.h; path = SCViewController.h; sourceTree = "<group>"; };
		BF85282312D6176A00306911 /* SCViewController.m */ = {isa = PBXFileReference; fileEncoding = 4; lastKnownFileType = sourcecode.c.objc; path = SCViewController.m; sourceTree = "<group>"; };
		BF996ED912D338CD00916A41 /* bg-white.png */ = {isa = PBXFileReference; lastKnownFileType = image.png; path = "bg-white.png"; sourceTree = "<group>"; };
		BF996EDA12D338CD00916A41 /* bg-yellow.png */ = {isa = PBXFileReference; lastKnownFileType = image.png; path = "bg-yellow.png"; sourceTree = "<group>"; };
		BF996EDB12D338CD00916A41 /* bg-green-middle.png */ = {isa = PBXFileReference; lastKnownFileType = image.png; path = "bg-green-middle.png"; sourceTree = "<group>"; };
		BF996F1012D3455600916A41 /* bg-green-dark.png */ = {isa = PBXFileReference; lastKnownFileType = image.png; path = "bg-green-dark.png"; sourceTree = "<group>"; };
		BF996F1212D3455C00916A41 /* bg-green-light.png */ = {isa = PBXFileReference; lastKnownFileType = image.png; path = "bg-green-light.png"; sourceTree = "<group>"; };
		BF996F5412D3476800916A41 /* bg-blue.png */ = {isa = PBXFileReference; lastKnownFileType = image.png; path = "bg-blue.png"; sourceTree = "<group>"; };
		BF996F8412D3562000916A41 /* 18-envelope.png */ = {isa = PBXFileReference; lastKnownFileType = image.png; path = "18-envelope.png"; sourceTree = "<group>"; };
		BF996F8E12D3572400916A41 /* 187-pencil.png */ = {isa = PBXFileReference; lastKnownFileType = image.png; path = "187-pencil.png"; sourceTree = "<group>"; };
		BF996FB412D477C600916A41 /* SettingsViewController.h */ = {isa = PBXFileReference; fileEncoding = 4; lastKnownFileType = sourcecode.c.h; path = SettingsViewController.h; sourceTree = "<group>"; };
		BF996FB512D477C600916A41 /* SettingsViewController.m */ = {isa = PBXFileReference; fileEncoding = 4; lastKnownFileType = sourcecode.c.objc; path = SettingsViewController.m; sourceTree = "<group>"; };
		BF996FB612D477C600916A41 /* SettingsViewController.xib */ = {isa = PBXFileReference; lastKnownFileType = file.xib; name = SettingsViewController.xib; path = Classes/SettingsViewController.xib; sourceTree = "<group>"; };
		BFB50BA712D4C64800D8EBE3 /* MessageUI.framework */ = {isa = PBXFileReference; lastKnownFileType = wrapper.framework; name = MessageUI.framework; path = System/Library/Frameworks/MessageUI.framework; sourceTree = SDKROOT; };
		BFB50BB212D4C6BF00D8EBE3 /* MailComposerViewController.h */ = {isa = PBXFileReference; fileEncoding = 4; lastKnownFileType = sourcecode.c.h; path = MailComposerViewController.h; sourceTree = "<group>"; };
		BFB50BB312D4C6BF00D8EBE3 /* MailComposerViewController.m */ = {isa = PBXFileReference; fileEncoding = 4; lastKnownFileType = sourcecode.c.objc; path = MailComposerViewController.m; sourceTree = "<group>"; };
		BFB50C6E12D5308000D8EBE3 /* Idea.h */ = {isa = PBXFileReference; fileEncoding = 4; lastKnownFileType = sourcecode.c.h; path = Idea.h; sourceTree = "<group>"; };
		BFB50C6F12D5308000D8EBE3 /* Idea.m */ = {isa = PBXFileReference; fileEncoding = 4; lastKnownFileType = sourcecode.c.objc; path = Idea.m; sourceTree = "<group>"; };
/* End PBXFileReference section */

/* Begin PBXFrameworksBuildPhase section */
		1D60588F0D05DD3D006BFB54 /* Frameworks */ = {
			isa = PBXFrameworksBuildPhase;
			buildActionMask = 2147483647;
			files = (
				1D60589F0D05DD5A006BFB54 /* Foundation.framework in Frameworks */,
				1DF5F4E00D08C38300B7A737 /* UIKit.framework in Frameworks */,
				2892E4100DC94CBA00A64D0F /* CoreGraphics.framework in Frameworks */,
				28860BE50F44EE6400985440 /* CoreData.framework in Frameworks */,
				BFB50BA812D4C64800D8EBE3 /* MessageUI.framework in Frameworks */,
			);
			runOnlyForDeploymentPostprocessing = 0;
		};
/* End PBXFrameworksBuildPhase section */

/* Begin PBXGroup section */
		080E96DDFE201D6D7F000001 /* Classes */ = {
			isa = PBXGroup;
			children = (
				BF85281012D6176A00306911 /* Sensible TableView */,
				BFB50BF212D4D37C00D8EBE3 /* Models */,
				BFB50BF112D4CF1500D8EBE3 /* Controllers */,
				BFB50BF012D4CEFE00D8EBE3 /* Helpers */,
				1D3623240D0F684500981E51 /* IdeasAppDelegate.h */,
				1D3623250D0F684500981E51 /* IdeasAppDelegate.m */,
			);
			path = Classes;
			sourceTree = "<group>";
		};
		19C28FACFE9D520D11CA2CBB /* Products */ = {
			isa = PBXGroup;
			children = (
				1D6058910D05DD3D006BFB54 /* Ideas.app */,
			);
			name = Products;
			sourceTree = "<group>";
		};
		29B97314FDCFA39411CA2CEA /* CustomTemplate */ = {
			isa = PBXGroup;
			children = (
				080E96DDFE201D6D7F000001 /* Classes */,
				29B97315FDCFA39411CA2CEA /* Other Sources */,
				29B97317FDCFA39411CA2CEA /* Resources */,
				29B97323FDCFA39411CA2CEA /* Frameworks */,
				19C28FACFE9D520D11CA2CBB /* Products */,
				BF12F75C12CF9C1200159AE4 /* QuartzCore.framework */,
				BFB50BA712D4C64800D8EBE3 /* MessageUI.framework */,
			);
			name = CustomTemplate;
			sourceTree = "<group>";
		};
		29B97315FDCFA39411CA2CEA /* Other Sources */ = {
			isa = PBXGroup;
			children = (
				28A0AAE50D9B0CCF005BE974 /* Ideas_Prefix.pch */,
				29B97316FDCFA39411CA2CEA /* main.m */,
			);
			name = "Other Sources";
			sourceTree = "<group>";
		};
		29B97317FDCFA39411CA2CEA /* Resources */ = {
			isa = PBXGroup;
			children = (
				BF996ED312D337F600916A41 /* images */,
				28D3F201112F7DC200FD0661 /* Ideas.xcdatamodeld */,
				2899E55F0DE3E45000AC0155 /* RootViewController.xib */,
				BF4F7CF012D0C53D007CB6E2 /* iTunesArtwork.png */,
				BF4F7CE612D0A80A007CB6E2 /* Default.png */,
				BF4F7CBF12D0A22E007CB6E2 /* Icon.png */,
				28AD735F0D9D9599002E5188 /* MainWindow.xib */,
				BF996FB612D477C600916A41 /* SettingsViewController.xib */,
				BF12F6BF12CF66B800159AE4 /* IdeaDetailViewController.xib */,
				8D1107310486CEB800E47090 /* Ideas-Info.plist */,
			);
			name = Resources;
			sourceTree = "<group>";
		};
		29B97323FDCFA39411CA2CEA /* Frameworks */ = {
			isa = PBXGroup;
			children = (
				1DF5F4DF0D08C38300B7A737 /* UIKit.framework */,
				1D30AB110D05D00D00671497 /* Foundation.framework */,
				2892E40F0DC94CBA00A64D0F /* CoreGraphics.framework */,
				28860BE40F44EE6400985440 /* CoreData.framework */,
			);
			name = Frameworks;
			sourceTree = "<group>";
		};
		BF85281012D6176A00306911 /* Sensible TableView */ = {
			isa = PBXGroup;
			children = (
				BF85281112D6176A00306911 /* LICENSE AGREEMENT.rtf */,
				BF85281212D6176A00306911 /* SCBadgeView.h */,
				BF85281312D6176A00306911 /* SCBadgeView.m */,
				BF85281412D6176A00306911 /* SCClassDefinition.h */,
				BF85281512D6176A00306911 /* SCClassDefinition.m */,
				BF85281612D6176A00306911 /* SCGlobals.h */,
				BF85281712D6176A00306911 /* SCGlobals.m */,
				BF85281812D6176A00306911 /* SCPropertyAttributes.h */,
				BF85281912D6176A00306911 /* SCPropertyAttributes.m */,
				BF85281A12D6176A00306911 /* SCTableViewCell.h */,
				BF85281B12D6176A00306911 /* SCTableViewCell.m */,
				BF85281C12D6176A00306911 /* SCTableViewController.h */,
				BF85281D12D6176A00306911 /* SCTableViewController.m */,
				BF85281E12D6176A00306911 /* SCTableViewModel.h */,
				BF85281F12D6176A00306911 /* SCTableViewModel.m */,
				BF85282012D6176A00306911 /* SCTableViewSection.h */,
				BF85282112D6176A00306911 /* SCTableViewSection.m */,
				BF85282212D6176A00306911 /* SCViewController.h */,
				BF85282312D6176A00306911 /* SCViewController.m */,
			);
			path = "Sensible TableView";
			sourceTree = "<group>";
		};
		BF996ED312D337F600916A41 /* images */ = {
			isa = PBXGroup;
			children = (
				BF996ED912D338CD00916A41 /* bg-white.png */,
				BF996F5412D3476800916A41 /* bg-blue.png */,
				BF996F1012D3455600916A41 /* bg-green-dark.png */,
				BF996F8412D3562000916A41 /* 18-envelope.png */,
				BF996F1212D3455C00916A41 /* bg-green-light.png */,
				BF996F8E12D3572400916A41 /* 187-pencil.png */,
				BF996EDA12D338CD00916A41 /* bg-yellow.png */,
				BF996EDB12D338CD00916A41 /* bg-green-middle.png */,
			);
			path = images;
			sourceTree = "<group>";
		};
		BFB50BF012D4CEFE00D8EBE3 /* Helpers */ = {
			isa = PBXGroup;
			children = (
				BF4F7C0B12D07241007CB6E2 /* ApplicationHelper.h */,
				BF4F7C0C12D07241007CB6E2 /* ApplicationHelper.m */,
			);
			name = Helpers;
			sourceTree = "<group>";
		};
		BFB50BF112D4CF1500D8EBE3 /* Controllers */ = {
			isa = PBXGroup;
			children = (
				28C286DF0D94DF7D0034E888 /* RootViewController.h */,
				28C286E00D94DF7D0034E888 /* RootViewController.m */,
				BF12F6BD12CF66B800159AE4 /* IdeaDetailViewController.h */,
				BF12F6BE12CF66B800159AE4 /* IdeaDetailViewController.m */,
				BF996FB412D477C600916A41 /* SettingsViewController.h */,
				BF996FB512D477C600916A41 /* SettingsViewController.m */,
				BFB50BB212D4C6BF00D8EBE3 /* MailComposerViewController.h */,
				BFB50BB312D4C6BF00D8EBE3 /* MailComposerViewController.m */,
			);
			name = Controllers;
			sourceTree = "<group>";
		};
		BFB50BF212D4D37C00D8EBE3 /* Models */ = {
			isa = PBXGroup;
			children = (
				BFB50C6E12D5308000D8EBE3 /* Idea.h */,
				BFB50C6F12D5308000D8EBE3 /* Idea.m */,
			);
			name = Models;
			sourceTree = "<group>";
		};
/* End PBXGroup section */

/* Begin PBXNativeTarget section */
		1D6058900D05DD3D006BFB54 /* Ideas */ = {
			isa = PBXNativeTarget;
			buildConfigurationList = 1D6058960D05DD3E006BFB54 /* Build configuration list for PBXNativeTarget "Ideas" */;
			buildPhases = (
				1D60588D0D05DD3D006BFB54 /* Resources */,
				1D60588E0D05DD3D006BFB54 /* Sources */,
				1D60588F0D05DD3D006BFB54 /* Frameworks */,
			);
			buildRules = (
			);
			dependencies = (
			);
			name = Ideas;
			productName = Ideas;
			productReference = 1D6058910D05DD3D006BFB54 /* Ideas.app */;
			productType = "com.apple.product-type.application";
		};
/* End PBXNativeTarget section */

/* Begin PBXProject section */
		29B97313FDCFA39411CA2CEA /* Project object */ = {
			isa = PBXProject;
			buildConfigurationList = C01FCF4E08A954540054247B /* Build configuration list for PBXProject "Ideas" */;
			compatibilityVersion = "Xcode 3.1";
			developmentRegion = English;
			hasScannedForEncodings = 1;
			knownRegions = (
				English,
				Japanese,
				French,
				German,
				en,
			);
			mainGroup = 29B97314FDCFA39411CA2CEA /* CustomTemplate */;
			projectDirPath = "";
			projectRoot = "";
			targets = (
				1D6058900D05DD3D006BFB54 /* Ideas */,
			);
		};
/* End PBXProject section */

/* Begin PBXResourcesBuildPhase section */
		1D60588D0D05DD3D006BFB54 /* Resources */ = {
			isa = PBXResourcesBuildPhase;
			buildActionMask = 2147483647;
			files = (
				28AD73600D9D9599002E5188 /* MainWindow.xib in Resources */,
				2899E5600DE3E45000AC0155 /* RootViewController.xib in Resources */,
				BF12F6C112CF66B800159AE4 /* IdeaDetailViewController.xib in Resources */,
				BF4F7CC012D0A22E007CB6E2 /* Icon.png in Resources */,
				BF4F7CE712D0A80A007CB6E2 /* Default.png in Resources */,
				BF4F7CF112D0C53D007CB6E2 /* iTunesArtwork.png in Resources */,
				BF996EDC12D338CD00916A41 /* bg-white.png in Resources */,
				BF996EDD12D338CD00916A41 /* bg-yellow.png in Resources */,
				BF996EDE12D338CD00916A41 /* bg-green-middle.png in Resources */,
				BF996F1112D3455600916A41 /* bg-green-dark.png in Resources */,
				BF996F1312D3455C00916A41 /* bg-green-light.png in Resources */,
				BF996F5512D3476800916A41 /* bg-blue.png in Resources */,
				BF996F8512D3562000916A41 /* 18-envelope.png in Resources */,
				BF996F8F12D3572400916A41 /* 187-pencil.png in Resources */,
				BF996FB812D477C600916A41 /* SettingsViewController.xib in Resources */,
				BF85282412D6176A00306911 /* LICENSE AGREEMENT.rtf in Resources */,
			);
			runOnlyForDeploymentPostprocessing = 0;
		};
/* End PBXResourcesBuildPhase section */

/* Begin PBXSourcesBuildPhase section */
		1D60588E0D05DD3D006BFB54 /* Sources */ = {
			isa = PBXSourcesBuildPhase;
			buildActionMask = 2147483647;
			files = (
				1D60589B0D05DD56006BFB54 /* main.m in Sources */,
				1D3623260D0F684500981E51 /* IdeasAppDelegate.m in Sources */,
				28C286E10D94DF7D0034E888 /* RootViewController.m in Sources */,
				28D3F202112F7DC200FD0661 /* Ideas.xcdatamodeld in Sources */,
				BF12F6C012CF66B800159AE4 /* IdeaDetailViewController.m in Sources */,
				BF4F7C0D12D07241007CB6E2 /* ApplicationHelper.m in Sources */,
				BF996FB712D477C600916A41 /* SettingsViewController.m in Sources */,
				BFB50BB412D4C6BF00D8EBE3 /* MailComposerViewController.m in Sources */,
				BFB50C7012D5308000D8EBE3 /* Idea.m in Sources */,
				BF85282512D6176A00306911 /* SCBadgeView.m in Sources */,
				BF85282612D6176A00306911 /* SCClassDefinition.m in Sources */,
				BF85282712D6176A00306911 /* SCGlobals.m in Sources */,
				BF85282812D6176A00306911 /* SCPropertyAttributes.m in Sources */,
				BF85282912D6176A00306911 /* SCTableViewCell.m in Sources */,
				BF85282A12D6176A00306911 /* SCTableViewController.m in Sources */,
				BF85282B12D6176A00306911 /* SCTableViewModel.m in Sources */,
				BF85282C12D6176A00306911 /* SCTableViewSection.m in Sources */,
				BF85282D12D6176A00306911 /* SCViewController.m in Sources */,
			);
			runOnlyForDeploymentPostprocessing = 0;
		};
/* End PBXSourcesBuildPhase section */

/* Begin XCBuildConfiguration section */
		1D6058940D05DD3E006BFB54 /* Debug */ = {
			isa = XCBuildConfiguration;
			buildSettings = {
				ALWAYS_SEARCH_USER_PATHS = NO;
				COPY_PHASE_STRIP = NO;
				GCC_DYNAMIC_NO_PIC = NO;
				GCC_OPTIMIZATION_LEVEL = 0;
				GCC_PRECOMPILE_PREFIX_HEADER = YES;
				GCC_PREFIX_HEADER = Ideas_Prefix.pch;
				INFOPLIST_FILE = "Ideas-Info.plist";
				PRODUCT_NAME = Ideas;
			};
			name = Debug;
		};
		1D6058950D05DD3E006BFB54 /* Release */ = {
			isa = XCBuildConfiguration;
			buildSettings = {
				ALWAYS_SEARCH_USER_PATHS = NO;
				COPY_PHASE_STRIP = YES;
				GCC_PRECOMPILE_PREFIX_HEADER = YES;
				GCC_PREFIX_HEADER = Ideas_Prefix.pch;
				INFOPLIST_FILE = "Ideas-Info.plist";
				PRODUCT_NAME = Ideas;
				VALIDATE_PRODUCT = YES;
			};
			name = Release;
		};
		C01FCF4F08A954540054247B /* Debug */ = {
			isa = XCBuildConfiguration;
			buildSettings = {
				ARCHS = "$(ARCHS_STANDARD_32_BIT)";
				"CODE_SIGN_IDENTITY[sdk=iphoneos*]" = "iPhone Developer";
				GCC_C_LANGUAGE_STANDARD = c99;
				GCC_WARN_ABOUT_RETURN_TYPE = YES;
				GCC_WARN_UNUSED_VARIABLE = YES;
				PREBINDING = NO;
				SDKROOT = iphoneos;
			};
			name = Debug;
		};
		C01FCF5008A954540054247B /* Release */ = {
			isa = XCBuildConfiguration;
			buildSettings = {
				ARCHS = "$(ARCHS_STANDARD_32_BIT)";
				"CODE_SIGN_IDENTITY[sdk=iphoneos*]" = "iPhone Developer";
				GCC_C_LANGUAGE_STANDARD = c99;
				GCC_WARN_ABOUT_RETURN_TYPE = YES;
				GCC_WARN_UNUSED_VARIABLE = YES;
				OTHER_CFLAGS = "-DNS_BLOCK_ASSERTIONS=1";
				PREBINDING = NO;
				SDKROOT = iphoneos;
			};
			name = Release;
		};
/* End XCBuildConfiguration section */

/* Begin XCConfigurationList section */
		1D6058960D05DD3E006BFB54 /* Build configuration list for PBXNativeTarget "Ideas" */ = {
			isa = XCConfigurationList;
			buildConfigurations = (
				1D6058940D05DD3E006BFB54 /* Debug */,
				1D6058950D05DD3E006BFB54 /* Release */,
			);
			defaultConfigurationIsVisible = 0;
			defaultConfigurationName = Release;
		};
		C01FCF4E08A954540054247B /* Build configuration list for PBXProject "Ideas" */ = {
			isa = XCConfigurationList;
			buildConfigurations = (
				C01FCF4F08A954540054247B /* Debug */,
				C01FCF5008A954540054247B /* Release */,
			);
			defaultConfigurationIsVisible = 0;
			defaultConfigurationName = Release;
		};
/* End XCConfigurationList section */

/* Begin XCVersionGroup section */
		28D3F201112F7DC200FD0661 /* Ideas.xcdatamodeld */ = {
			isa = XCVersionGroup;
			children = (
				28860B760F44E54D00985440 /* Ideas.xcdatamodel */,
			);
			currentVersion = 28860B760F44E54D00985440 /* Ideas.xcdatamodel */;
			path = Ideas.xcdatamodeld;
			sourceTree = "<group>";
			versionGroupType = wrapper.xcdatamodel;
		};
/* End XCVersionGroup section */
	};
	rootObject = 29B97313FDCFA39411CA2CEA /* Project object */;
}
